
Microsoft Visual Studio Solution File, Format Version 12.00
# Visual Studio Version 17
VisualStudioVersion = 17.0.31903.59
MinimumVisualStudioVersion = 10.0.40219.1
Project("{FAE04EC0-301F-11D3-BF4B-00C04F79EFBC}") = "parallel-dotnet1", "parallel-dotnet1\parallel-dotnet1.csproj", "{E244553B-458B-4900-B4D1-8483AF89564C}"
EndProject
Project("{FAE04EC0-301F-11D3-BF4B-00C04F79EFBC}") = "parallel-dotnet2", "parallel-dotnet2\parallel-dotnet2.csproj", "{2C4E3959-23D7-4B33-A686-DD66E6E8B10B}"
EndProject
Project("{FAE04EC0-301F-11D3-BF4B-00C04F79EFBC}") = "parallel-dotnet3", "parallel-dotnet3\parallel-dotnet3.csproj", "{DC53F85F-DCC1-4FD0-B3B7-91B825A3770C}"
EndProject
Project("{FAE04EC0-301F-11D3-BF4B-00C04F79EFBC}") = "parallel-dotnet4", "parallel-dotnet4\parallel-dotnet4.csproj", "{0DCCAB2C-4BB9-44E7-BC48-CB4F35F227A1}"
EndProject
Project("{FAE04EC0-301F-11D3-BF4B-00C04F79EFBC}") = "parallel-dotnet5", "parallel-dotnet5\parallel-dotnet5.csproj", "{60F9D270-2D18-4BDD-B106-FF6852F77833}"
EndProject
Project("{FAE04EC0-301F-11D3-BF4B-00C04F79EFBC}") = "parallel-dotnet6", "parallel-dotnet6\parallel-dotnet6.csproj", "{9ACE6B6A-1987-4C30-95A1-31DB31370574}"
EndProject
Project("{FAE04EC0-301F-11D3-BF4B-00C04F79EFBC}") = "parallel-dotnet7-waiting-on-tasks", "parallel-dotnet7-waiting-on-tasks\parallel-dotnet7-waiting-on-tasks.csproj", "{46FEC24A-22EA-48E7-8310-21B66B2475E4}"
EndProject
Project("{FAE04EC0-301F-11D3-BF4B-00C04F79EFBC}") = "parallel-dotnet8-exception-handling", "parallel-dotnet8-exception-handling\parallel-dotnet8-exception-handling.csproj", "{029C445E-6624-41C6-942E-864FB3CDAABC}"
EndProject
Project("{FAE04EC0-301F-11D3-BF4B-00C04F79EFBC}") = "parallel-dotnet9-exception-handling", "parallel-dotnet9-exception-handling\parallel-dotnet9-exception-handling.csproj", "{42E63DA3-141E-49CA-A142-30D184CDAF6B}"
EndProject
Global
	GlobalSection(SolutionConfigurationPlatforms) = preSolution
		Debug|Any CPU = Debug|Any CPU
		Release|Any CPU = Release|Any CPU
	EndGlobalSection
	GlobalSection(SolutionProperties) = preSolution
		HideSolutionNode = FALSE
	EndGlobalSection
	GlobalSection(ProjectConfigurationPlatforms) = postSolution
		{E244553B-458B-4900-B4D1-8483AF89564C}.Debug|Any CPU.ActiveCfg = Debug|Any CPU
		{E244553B-458B-4900-B4D1-8483AF89564C}.Debug|Any CPU.Build.0 = Debug|Any CPU
		{E244553B-458B-4900-B4D1-8483AF89564C}.Release|Any CPU.ActiveCfg = Release|Any CPU
		{E244553B-458B-4900-B4D1-8483AF89564C}.Release|Any CPU.Build.0 = Release|Any CPU
		{2C4E3959-23D7-4B33-A686-DD66E6E8B10B}.Debug|Any CPU.ActiveCfg = Debug|Any CPU
		{2C4E3959-23D7-4B33-A686-DD66E6E8B10B}.Debug|Any CPU.Build.0 = Debug|Any CPU
		{2C4E3959-23D7-4B33-A686-DD66E6E8B10B}.Release|Any CPU.ActiveCfg = Release|Any CPU
		{2C4E3959-23D7-4B33-A686-DD66E6E8B10B}.Release|Any CPU.Build.0 = Release|Any CPU
		{DC53F85F-DCC1-4FD0-B3B7-91B825A3770C}.Debug|Any CPU.ActiveCfg = Debug|Any CPU
		{DC53F85F-DCC1-4FD0-B3B7-91B825A3770C}.Debug|Any CPU.Build.0 = Debug|Any CPU
		{DC53F85F-DCC1-4FD0-B3B7-91B825A3770C}.Release|Any CPU.ActiveCfg = Release|Any CPU
		{DC53F85F-DCC1-4FD0-B3B7-91B825A3770C}.Release|Any CPU.Build.0 = Release|Any CPU
		{0DCCAB2C-4BB9-44E7-BC48-CB4F35F227A1}.Debug|Any CPU.ActiveCfg = Debug|Any CPU
		{0DCCAB2C-4BB9-44E7-BC48-CB4F35F227A1}.Debug|Any CPU.Build.0 = Debug|Any CPU
		{0DCCAB2C-4BB9-44E7-BC48-CB4F35F227A1}.Release|Any CPU.ActiveCfg = Release|Any CPU
		{0DCCAB2C-4BB9-44E7-BC48-CB4F35F227A1}.Release|Any CPU.Build.0 = Release|Any CPU
		{60F9D270-2D18-4BDD-B106-FF6852F77833}.Debug|Any CPU.ActiveCfg = Debug|Any CPU
		{60F9D270-2D18-4BDD-B106-FF6852F77833}.Debug|Any CPU.Build.0 = Debug|Any CPU
		{60F9D270-2D18-4BDD-B106-FF6852F77833}.Release|Any CPU.ActiveCfg = Release|Any CPU
		{60F9D270-2D18-4BDD-B106-FF6852F77833}.Release|Any CPU.Build.0 = Release|Any CPU
		{9ACE6B6A-1987-4C30-95A1-31DB31370574}.Debug|Any CPU.ActiveCfg = Debug|Any CPU
		{9ACE6B6A-1987-4C30-95A1-31DB31370574}.Debug|Any CPU.Build.0 = Debug|Any CPU
		{9ACE6B6A-1987-4C30-95A1-31DB31370574}.Release|Any CPU.ActiveCfg = Release|Any CPU
		{9ACE6B6A-1987-4C30-95A1-31DB31370574}.Release|Any CPU.Build.0 = Release|Any CPU
		{46FEC24A-22EA-48E7-8310-21B66B2475E4}.Debug|Any CPU.ActiveCfg = Debug|Any CPU
		{46FEC24A-22EA-48E7-8310-21B66B2475E4}.Debug|Any CPU.Build.0 = Debug|Any CPU
		{46FEC24A-22EA-48E7-8310-21B66B2475E4}.Release|Any CPU.ActiveCfg = Release|Any CPU
		{46FEC24A-22EA-48E7-8310-21B66B2475E4}.Release|Any CPU.Build.0 = Release|Any CPU
		{029C445E-6624-41C6-942E-864FB3CDAABC}.Debug|Any CPU.ActiveCfg = Debug|Any CPU
		{029C445E-6624-41C6-942E-864FB3CDAABC}.Debug|Any CPU.Build.0 = Debug|Any CPU
		{029C445E-6624-41C6-942E-864FB3CDAABC}.Release|Any CPU.ActiveCfg = Release|Any CPU
		{029C445E-6624-41C6-942E-864FB3CDAABC}.Release|Any CPU.Build.0 = Release|Any CPU
		{42E63DA3-141E-49CA-A142-30D184CDAF6B}.Debug|Any CPU.ActiveCfg = Debug|Any CPU
		{42E63DA3-141E-49CA-A142-30D184CDAF6B}.Debug|Any CPU.Build.0 = Debug|Any CPU
		{42E63DA3-141E-49CA-A142-30D184CDAF6B}.Release|Any CPU.ActiveCfg = Release|Any CPU
		{42E63DA3-141E-49CA-A142-30D184CDAF6B}.Release|Any CPU.Build.0 = Release|Any CPU
	EndGlobalSection
EndGlobal
