
Microsoft Visual Studio Solution File, Format Version 12.00
# Visual Studio Version 17
VisualStudioVersion = 17.0.31903.59
MinimumVisualStudioVersion = 10.0.40219.1
Project("{FAE04EC0-301F-11D3-BF4B-00C04F79EFBC}") = "parallel-dotnet1", "parallel-dotnet1\parallel-dotnet1.csproj", "{E244553B-458B-4900-B4D1-8483AF89564C}"
EndProject
Project("{FAE04EC0-301F-11D3-BF4B-00C04F79EFBC}") = "parallel-dotnet2", "parallel-dotnet2\parallel-dotnet2.csproj", "{2C4E3959-23D7-4B33-A686-DD66E6E8B10B}"
EndProject
Project("{FAE04EC0-301F-11D3-BF4B-00C04F79EFBC}") = "parallel-dotnet3", "parallel-dotnet3\parallel-dotnet3.csproj", "{DC53F85F-DCC1-4FD0-B3B7-91B825A3770C}"
EndProject
Project("{FAE04EC0-301F-11D3-BF4B-00C04F79EFBC}") = "parallel-dotnet4", "parallel-dotnet4\parallel-dotnet4.csproj", "{0DCCAB2C-4BB9-44E7-BC48-CB4F35F227A1}"
EndProject
Project("{FAE04EC0-301F-11D3-BF4B-00C04F79EFBC}") = "parallel-dotnet5", "parallel-dotnet5\parallel-dotnet5.csproj", "{60F9D270-2D18-4BDD-B106-FF6852F77833}"
EndProject
Project("{FAE04EC0-301F-11D3-BF4B-00C04F79EFBC}") = "parallel-dotnet6", "parallel-dotnet6\parallel-dotnet6.csproj", "{9ACE6B6A-1987-4C30-95A1-31DB31370574}"
EndProject
Project("{FAE04EC0-301F-11D3-BF4B-00C04F79EFBC}") = "parallel-dotnet7-waiting-on-tasks", "parallel-dotnet7-waiting-on-tasks\parallel-dotnet7-waiting-on-tasks.csproj", "{46FEC24A-22EA-48E7-8310-21B66B2475E4}"
EndProject
Project("{FAE04EC0-301F-11D3-BF4B-00C04F79EFBC}") = "parallel-dotnet8-exception-handling", "parallel-dotnet8-exception-handling\parallel-dotnet8-exception-handling.csproj", "{029C445E-6624-41C6-942E-864FB3CDAABC}"
EndProject
Project("{FAE04EC0-301F-11D3-BF4B-00C04F79EFBC}") = "parallel-dotnet9-exception-handling", "parallel-dotnet9-exception-handling\parallel-dotnet9-exception-handling.csproj", "{42E63DA3-141E-49CA-A142-30D184CDAF6B}"
EndProject
Project("{FAE04EC0-301F-11D3-BF4B-00C04F79EFBC}") = "parallel-dotnet10-data-synchronisation-issue", "parallel-dotnet10-data-synchronisation-issue\parallel-dotnet10-data-synchronisation-issue.csproj", "{7817A402-39B0-44CD-8A5C-932C19A8D787}"
EndProject
Project("{FAE04EC0-301F-11D3-BF4B-00C04F79EFBC}") = "parallel-dotnet11-interlocked-operations", "parallel-dotnet11-interlocked-operations\parallel-dotnet11-interlocked-operations.csproj", "{A002516B-1512-4677-B236-1CD31B8614A8}"
EndProject
Project("{FAE04EC0-301F-11D3-BF4B-00C04F79EFBC}") = "parallel-dotnet12-spin-locking", "parallel-dotnet12-spinning\parallel-dotnet12-spinning.csproj", "{E04864E9-5E21-40EE-B942-4074C1E6402A}"
EndProject
Project("{FAE04EC0-301F-11D3-BF4B-00C04F79EFBC}") = "parallel-dotnet12-spin-locking", "parallel-dotnet12-spin-locking\parallel-dotnet12-spin-locking.csproj", "{33E751D5-37AA-4AF6-B761-37271A99D05B}"
EndProject
Project("{FAE04EC0-301F-11D3-BF4B-00C04F79EFBC}") = "parallel-dotnet13-mutex", "parallel-dotnet13-mutex\parallel-dotnet13-mutex.csproj", "{9847D6C9-F84E-4661-8609-E0A4990E38A0}"
EndProject
Project("{FAE04EC0-301F-11D3-BF4B-00C04F79EFBC}") = "parallel-dotnet14-ReaderWriter", "parallel-dotnet14-ReaderWriter\parallel-dotnet14-ReaderWriter.csproj", "{594E9BD7-0A1D-4121-A400-28F781364CCB}"
EndProject
Project("{FAE04EC0-301F-11D3-BF4B-00C04F79EFBC}") = "parallel-dotnet15-concurrent-dictionary", "parallel-dotnet15-concurrent-dictionary\parallel-dotnet15-concurrent-dictionary.csproj", "{1C83CD66-A29D-46D4-9FF1-FA10F7CCFF5C}"
EndProject
Project("{FAE04EC0-301F-11D3-BF4B-00C04F79EFBC}") = "parallel-dotnet16-concurrent-queue", "parallel-dotnet16-concurrent-queue\parallel-dotnet16-concurrent-queue.csproj", "{F0B12AB2-2085-49D9-990C-F4BAD4370D1E}"
EndProject
Project("{FAE04EC0-301F-11D3-BF4B-00C04F79EFBC}") = "parallel-dotnet17-concurrent-stack", "parallel-dotnet17-concurrent-stack\parallel-dotnet17-concurrent-stack.csproj", "{52931A4B-4DA7-49A0-83B3-88F584D8192E}"
EndProject
Project("{FAE04EC0-301F-11D3-BF4B-00C04F79EFBC}") = "parallel-dotnet18-concurrent-bag", "parallel-dotnet18-concurrent-bag\parallel-dotnet18-concurrent-bag.csproj", "{3F07DCDE-D93E-45AB-9D47-2A0381E5F77B}"
EndProject
Project("{FAE04EC0-301F-11D3-BF4B-00C04F79EFBC}") = "parallel-dotnet19-producer-consumer-pattern", "parallel-dotnet19-producer-consumer-pattern\parallel-dotnet19-producer-consumer-pattern.csproj", "{EA0AA116-0B5B-4392-BF89-E71A6AC25337}"
EndProject
Global
	GlobalSection(SolutionConfigurationPlatforms) = preSolution
		Debug|Any CPU = Debug|Any CPU
		Release|Any CPU = Release|Any CPU
	EndGlobalSection
	GlobalSection(SolutionProperties) = preSolution
		HideSolutionNode = FALSE
	EndGlobalSection
	GlobalSection(ProjectConfigurationPlatforms) = postSolution
		{E244553B-458B-4900-B4D1-8483AF89564C}.Debug|Any CPU.ActiveCfg = Debug|Any CPU
		{E244553B-458B-4900-B4D1-8483AF89564C}.Debug|Any CPU.Build.0 = Debug|Any CPU
		{E244553B-458B-4900-B4D1-8483AF89564C}.Release|Any CPU.ActiveCfg = Release|Any CPU
		{E244553B-458B-4900-B4D1-8483AF89564C}.Release|Any CPU.Build.0 = Release|Any CPU
		{2C4E3959-23D7-4B33-A686-DD66E6E8B10B}.Debug|Any CPU.ActiveCfg = Debug|Any CPU
		{2C4E3959-23D7-4B33-A686-DD66E6E8B10B}.Debug|Any CPU.Build.0 = Debug|Any CPU
		{2C4E3959-23D7-4B33-A686-DD66E6E8B10B}.Release|Any CPU.ActiveCfg = Release|Any CPU
		{2C4E3959-23D7-4B33-A686-DD66E6E8B10B}.Release|Any CPU.Build.0 = Release|Any CPU
		{DC53F85F-DCC1-4FD0-B3B7-91B825A3770C}.Debug|Any CPU.ActiveCfg = Debug|Any CPU
		{DC53F85F-DCC1-4FD0-B3B7-91B825A3770C}.Debug|Any CPU.Build.0 = Debug|Any CPU
		{DC53F85F-DCC1-4FD0-B3B7-91B825A3770C}.Release|Any CPU.ActiveCfg = Release|Any CPU
		{DC53F85F-DCC1-4FD0-B3B7-91B825A3770C}.Release|Any CPU.Build.0 = Release|Any CPU
		{0DCCAB2C-4BB9-44E7-BC48-CB4F35F227A1}.Debug|Any CPU.ActiveCfg = Debug|Any CPU
		{0DCCAB2C-4BB9-44E7-BC48-CB4F35F227A1}.Debug|Any CPU.Build.0 = Debug|Any CPU
		{0DCCAB2C-4BB9-44E7-BC48-CB4F35F227A1}.Release|Any CPU.ActiveCfg = Release|Any CPU
		{0DCCAB2C-4BB9-44E7-BC48-CB4F35F227A1}.Release|Any CPU.Build.0 = Release|Any CPU
		{60F9D270-2D18-4BDD-B106-FF6852F77833}.Debug|Any CPU.ActiveCfg = Debug|Any CPU
		{60F9D270-2D18-4BDD-B106-FF6852F77833}.Debug|Any CPU.Build.0 = Debug|Any CPU
		{60F9D270-2D18-4BDD-B106-FF6852F77833}.Release|Any CPU.ActiveCfg = Release|Any CPU
		{60F9D270-2D18-4BDD-B106-FF6852F77833}.Release|Any CPU.Build.0 = Release|Any CPU
		{9ACE6B6A-1987-4C30-95A1-31DB31370574}.Debug|Any CPU.ActiveCfg = Debug|Any CPU
		{9ACE6B6A-1987-4C30-95A1-31DB31370574}.Debug|Any CPU.Build.0 = Debug|Any CPU
		{9ACE6B6A-1987-4C30-95A1-31DB31370574}.Release|Any CPU.ActiveCfg = Release|Any CPU
		{9ACE6B6A-1987-4C30-95A1-31DB31370574}.Release|Any CPU.Build.0 = Release|Any CPU
		{46FEC24A-22EA-48E7-8310-21B66B2475E4}.Debug|Any CPU.ActiveCfg = Debug|Any CPU
		{46FEC24A-22EA-48E7-8310-21B66B2475E4}.Debug|Any CPU.Build.0 = Debug|Any CPU
		{46FEC24A-22EA-48E7-8310-21B66B2475E4}.Release|Any CPU.ActiveCfg = Release|Any CPU
		{46FEC24A-22EA-48E7-8310-21B66B2475E4}.Release|Any CPU.Build.0 = Release|Any CPU
		{029C445E-6624-41C6-942E-864FB3CDAABC}.Debug|Any CPU.ActiveCfg = Debug|Any CPU
		{029C445E-6624-41C6-942E-864FB3CDAABC}.Debug|Any CPU.Build.0 = Debug|Any CPU
		{029C445E-6624-41C6-942E-864FB3CDAABC}.Release|Any CPU.ActiveCfg = Release|Any CPU
		{029C445E-6624-41C6-942E-864FB3CDAABC}.Release|Any CPU.Build.0 = Release|Any CPU
		{42E63DA3-141E-49CA-A142-30D184CDAF6B}.Debug|Any CPU.ActiveCfg = Debug|Any CPU
		{42E63DA3-141E-49CA-A142-30D184CDAF6B}.Debug|Any CPU.Build.0 = Debug|Any CPU
		{42E63DA3-141E-49CA-A142-30D184CDAF6B}.Release|Any CPU.ActiveCfg = Release|Any CPU
		{42E63DA3-141E-49CA-A142-30D184CDAF6B}.Release|Any CPU.Build.0 = Release|Any CPU
		{7817A402-39B0-44CD-8A5C-932C19A8D787}.Debug|Any CPU.ActiveCfg = Debug|Any CPU
		{7817A402-39B0-44CD-8A5C-932C19A8D787}.Debug|Any CPU.Build.0 = Debug|Any CPU
		{7817A402-39B0-44CD-8A5C-932C19A8D787}.Release|Any CPU.ActiveCfg = Release|Any CPU
		{7817A402-39B0-44CD-8A5C-932C19A8D787}.Release|Any CPU.Build.0 = Release|Any CPU
		{A002516B-1512-4677-B236-1CD31B8614A8}.Debug|Any CPU.ActiveCfg = Debug|Any CPU
		{A002516B-1512-4677-B236-1CD31B8614A8}.Debug|Any CPU.Build.0 = Debug|Any CPU
		{A002516B-1512-4677-B236-1CD31B8614A8}.Release|Any CPU.ActiveCfg = Release|Any CPU
		{A002516B-1512-4677-B236-1CD31B8614A8}.Release|Any CPU.Build.0 = Release|Any CPU
		{E04864E9-5E21-40EE-B942-4074C1E6402A}.Debug|Any CPU.ActiveCfg = Debug|Any CPU
		{E04864E9-5E21-40EE-B942-4074C1E6402A}.Debug|Any CPU.Build.0 = Debug|Any CPU
		{E04864E9-5E21-40EE-B942-4074C1E6402A}.Release|Any CPU.ActiveCfg = Release|Any CPU
		{E04864E9-5E21-40EE-B942-4074C1E6402A}.Release|Any CPU.Build.0 = Release|Any CPU
		{33E751D5-37AA-4AF6-B761-37271A99D05B}.Debug|Any CPU.ActiveCfg = Debug|Any CPU
		{33E751D5-37AA-4AF6-B761-37271A99D05B}.Debug|Any CPU.Build.0 = Debug|Any CPU
		{33E751D5-37AA-4AF6-B761-37271A99D05B}.Release|Any CPU.ActiveCfg = Release|Any CPU
		{33E751D5-37AA-4AF6-B761-37271A99D05B}.Release|Any CPU.Build.0 = Release|Any CPU
		{9847D6C9-F84E-4661-8609-E0A4990E38A0}.Debug|Any CPU.ActiveCfg = Debug|Any CPU
		{9847D6C9-F84E-4661-8609-E0A4990E38A0}.Debug|Any CPU.Build.0 = Debug|Any CPU
		{9847D6C9-F84E-4661-8609-E0A4990E38A0}.Release|Any CPU.ActiveCfg = Release|Any CPU
		{9847D6C9-F84E-4661-8609-E0A4990E38A0}.Release|Any CPU.Build.0 = Release|Any CPU
		{594E9BD7-0A1D-4121-A400-28F781364CCB}.Debug|Any CPU.ActiveCfg = Debug|Any CPU
		{594E9BD7-0A1D-4121-A400-28F781364CCB}.Debug|Any CPU.Build.0 = Debug|Any CPU
		{594E9BD7-0A1D-4121-A400-28F781364CCB}.Release|Any CPU.ActiveCfg = Release|Any CPU
		{594E9BD7-0A1D-4121-A400-28F781364CCB}.Release|Any CPU.Build.0 = Release|Any CPU
		{1C83CD66-A29D-46D4-9FF1-FA10F7CCFF5C}.Debug|Any CPU.ActiveCfg = Debug|Any CPU
		{1C83CD66-A29D-46D4-9FF1-FA10F7CCFF5C}.Debug|Any CPU.Build.0 = Debug|Any CPU
		{1C83CD66-A29D-46D4-9FF1-FA10F7CCFF5C}.Release|Any CPU.ActiveCfg = Release|Any CPU
		{1C83CD66-A29D-46D4-9FF1-FA10F7CCFF5C}.Release|Any CPU.Build.0 = Release|Any CPU
		{F0B12AB2-2085-49D9-990C-F4BAD4370D1E}.Debug|Any CPU.ActiveCfg = Debug|Any CPU
		{F0B12AB2-2085-49D9-990C-F4BAD4370D1E}.Debug|Any CPU.Build.0 = Debug|Any CPU
		{F0B12AB2-2085-49D9-990C-F4BAD4370D1E}.Release|Any CPU.ActiveCfg = Release|Any CPU
		{F0B12AB2-2085-49D9-990C-F4BAD4370D1E}.Release|Any CPU.Build.0 = Release|Any CPU
		{52931A4B-4DA7-49A0-83B3-88F584D8192E}.Debug|Any CPU.ActiveCfg = Debug|Any CPU
		{52931A4B-4DA7-49A0-83B3-88F584D8192E}.Debug|Any CPU.Build.0 = Debug|Any CPU
		{52931A4B-4DA7-49A0-83B3-88F584D8192E}.Release|Any CPU.ActiveCfg = Release|Any CPU
		{52931A4B-4DA7-49A0-83B3-88F584D8192E}.Release|Any CPU.Build.0 = Release|Any CPU
		{3F07DCDE-D93E-45AB-9D47-2A0381E5F77B}.Debug|Any CPU.ActiveCfg = Debug|Any CPU
		{3F07DCDE-D93E-45AB-9D47-2A0381E5F77B}.Debug|Any CPU.Build.0 = Debug|Any CPU
		{3F07DCDE-D93E-45AB-9D47-2A0381E5F77B}.Release|Any CPU.ActiveCfg = Release|Any CPU
		{3F07DCDE-D93E-45AB-9D47-2A0381E5F77B}.Release|Any CPU.Build.0 = Release|Any CPU
		{EA0AA116-0B5B-4392-BF89-E71A6AC25337}.Debug|Any CPU.ActiveCfg = Debug|Any CPU
		{EA0AA116-0B5B-4392-BF89-E71A6AC25337}.Debug|Any CPU.Build.0 = Debug|Any CPU
		{EA0AA116-0B5B-4392-BF89-E71A6AC25337}.Release|Any CPU.ActiveCfg = Release|Any CPU
		{EA0AA116-0B5B-4392-BF89-E71A6AC25337}.Release|Any CPU.Build.0 = Release|Any CPU
	EndGlobalSection
	GlobalSection(NestedProjects) = preSolution
		{E04864E9-5E21-40EE-B942-4074C1E6402A} = {E04864E9-5E21-40EE-B942-4074C1E6402A}
	EndGlobalSection
EndGlobal
